
Microsoft Visual Studio Solution File, Format Version 12.00
# Visual Studio Version 16
VisualStudioVersion = 16.0.30225.117
MinimumVisualStudioVersion = 10.0.40219.1
Project("{FAE04EC0-301F-11D3-BF4B-00C04F79EFBC}") = "assignment_ek213_1604", "assignment_ek213_1604\assignment_ek213_1604.csproj", "{340B79CC-D384-4C5E-BA54-C7FD018FB9A8}"
EndProject
Project("{FAE04EC0-301F-11D3-BF4B-00C04F79EFBC}") = "Assignment_ek213_test", "Assignment_ek213_test\Assignment_ek213_test.csproj", "{A5378727-F4D4-4A4C-BC7F-561C98A348D6}"
	ProjectSection(ProjectDependencies) = postProject
		{340B79CC-D384-4C5E-BA54-C7FD018FB9A8} = {340B79CC-D384-4C5E-BA54-C7FD018FB9A8}
	EndProjectSection
EndProject
Global
	GlobalSection(SolutionConfigurationPlatforms) = preSolution
		Debug|Any CPU = Debug|Any CPU
		Release|Any CPU = Release|Any CPU
	EndGlobalSection
	GlobalSection(ProjectConfigurationPlatforms) = postSolution
		{340B79CC-D384-4C5E-BA54-C7FD018FB9A8}.Debug|Any CPU.ActiveCfg = Debug|Any CPU
		{340B79CC-D384-4C5E-BA54-C7FD018FB9A8}.Debug|Any CPU.Build.0 = Debug|Any CPU
		{340B79CC-D384-4C5E-BA54-C7FD018FB9A8}.Release|Any CPU.ActiveCfg = Release|Any CPU
		{340B79CC-D384-4C5E-BA54-C7FD018FB9A8}.Release|Any CPU.Build.0 = Release|Any CPU
		{A5378727-F4D4-4A4C-BC7F-561C98A348D6}.Debug|Any CPU.ActiveCfg = Debug|Any CPU
		{A5378727-F4D4-4A4C-BC7F-561C98A348D6}.Debug|Any CPU.Build.0 = Debug|Any CPU
		{A5378727-F4D4-4A4C-BC7F-561C98A348D6}.Release|Any CPU.ActiveCfg = Release|Any CPU
		{A5378727-F4D4-4A4C-BC7F-561C98A348D6}.Release|Any CPU.Build.0 = Release|Any CPU
	EndGlobalSection
	GlobalSection(SolutionProperties) = preSolution
		HideSolutionNode = FALSE
	EndGlobalSection
	GlobalSection(ExtensibilityGlobals) = postSolution
		SolutionGuid = {20E2409D-2EDE-4593-99BA-641E3E8FEB12}
	EndGlobalSection
EndGlobal
